{
  "version": 4,
  "terraform_version": "1.5.7",
  "serial": 29,
  "lineage": "375e4903-7150-589f-0689-82beb5835b63",
  "outputs": {
    "cluster_name": {
      "value": "orders-cluster",
      "type": "string"
    },
    "load_balancer_ip": {
      "value": "35.254.113.18",
      "type": "string"
    }
  },
  "resources": [
    {
      "mode": "data",
      "type": "google_client_config",
      "name": "current",
      "provider": "provider[\"registry.terraform.io/hashicorp/google\"]",
      "instances": [
        {
          "schema_version": 0,
          "attributes": {
            "access_token": "ya29.c.c0AZ4bNpbamrzSIj0W6RkfgmIuROgd7xFdd2wrRcPRQUVGdFBu3bO2Hoi4dupavm9659cb1CH7yJcydZdb6VbUo9OfDrQT2Aj6p8EPGRU-8LUqA4aI4x00lVI499DJTA--UlBMIlgpXvISudrjkZlBgY1F26DaG6Y6KcO0avEqfmBPzf2J4TDnBfW8qqkkZBmL_QD9q5uyznxRSdvXtAXkSoklqbB5eEkEvxT1auZN6JL1vQy58SYqMcM29odcXIREECLd5FXMyb3F5DkVVEnVLRQmvuPFWj6J96PDIHTYz6wHS_ekTzNBB9Dx6l_2m4QEujSsytwWq4Afi033U6halyc5_gOa8Z-P1kk38K-lQa_pAWFFYzAZN1jzL385DMYUO-0mxekBrg69wsSB9gozJQiS2QwkRq_5Z9wvw-MhMsRtbibhhuBqYym78ZBpOiWcezbSnyxx2oy_OZVIXbQhMOwSRZMl3ZQjjZvWW_x7wXV-7dJjV8nzs0gUS_kymXi14JZiOuqv-4oXJxmrhrkB631uxuXprVmudzQt3BIIFX7ftl4J156jzx1jO3olnsbOtIJfuyvrUUm2jec37vY_QbSk_475Vw9W6oWsS9lQMqQvxui-YJ9W1too43QJ_WIZxctzSjkYOc9Q0sRY5jX5-dBtFs5Bnc0fJ0nzI80MSz57tw382Bs4s5qV6Rf_og3gga0j1d7n_aFfUFeb7tqR931rO5mrS8bp_nr4qo-nwnvn_oy41lwsBmfn_3RdUdO82v62oZMtkvF8egbOg7f1kkiprFtQfaYB9Y4oeJskBoiykves2Wr2hYxZU9eO1nSUluh38zmFUS-lcSebJWxovjVc4RsmljkXJXxSw8_2J_JMp4-FJ6W2kuj4d2bxcp8rm2gUb84m4IzmxFQRn3wYxXsOzlI04lO0syVwStv91UZMvQ7YZdFct0yeJBmbdtJVhwdYM0RI52B7Ozt3S7-kyY9nulZgl9Ikqx9UJnoW1Q10yVUJ8JRo63u",
            "id": "projects/\"upbeat-climate-496321-g5\"/regions/\"us-central1\"/zones/\"us-central1-a\"",
            "project": "upbeat-climate-496321-g5",
            "region": "us-central1",
            "zone": "us-central1-a"
          },
          "sensitive_attributes": []
        }
      ]
    },
    {
      "mode": "managed",
      "type": "google_compute_address",
      "name": "orders_lb_ip",
      "provider": "provider[\"registry.terraform.io/hashicorp/google\"]",
      "instances": [
        {
          "schema_version": 0,
          "attributes": {
            "address": "35.254.113.18",
            "address_type": "EXTERNAL",
            "creation_timestamp": "2026-05-25T17:34:05.788-07:00",
            "description": "",
            "id": "projects/upbeat-climate-496321-g5/regions/us-central1/addresses/orders-lb-ip",
            "ip_version": "",
            "ipv6_endpoint_type": "",
            "name": "orders-lb-ip",
            "network": "",
            "network_tier": "PREMIUM",
            "prefix_length": 0,
            "project": "upbeat-climate-496321-g5",
            "purpose": "",
            "region": "us-central1",
            "self_link": "https://www.googleapis.com/compute/v1/projects/upbeat-climate-496321-g5/regions/us-central1/addresses/orders-lb-ip",
            "subnetwork": "",
            "timeouts": null,
            "users": [
              "https://www.googleapis.com/compute/v1/projects/upbeat-climate-496321-g5/regions/us-central1/forwardingRules/addbd6815e7894663a119d194af35ae7"
            ]
          },
          "sensitive_attributes": [],
          "private": "eyJlMmJmYjczMC1lY2FhLTExZTYtOGY4OC0zNDM2M2JjN2M0YzAiOnsiY3JlYXRlIjoxMjAwMDAwMDAwMDAwLCJkZWxldGUiOjEyMDAwMDAwMDAwMDB9fQ=="
        }
      ]
    },
    {
      "mode": "managed",
      "type": "google_container_cluster",
      "name": "primary",
      "provider": "provider[\"registry.terraform.io/hashicorp/google\"]",
      "instances": [
        {
          "schema_version": 1,
          "attributes": {
            "addons_config": [
              {
                "cloudrun_config": [],
                "config_connector_config": [],
                "dns_cache_config": [
                  {
                    "enabled": true
                  }
                ],
                "gce_persistent_disk_csi_driver_config": [
                  {
                    "enabled": true
                  }
                ],
                "gcp_filestore_csi_driver_config": [],
                "gcs_fuse_csi_driver_config": [],
                "gke_backup_agent_config": [],
                "horizontal_pod_autoscaling": [],
                "http_load_balancing": [],
                "network_policy_config": [
                  {
                    "disabled": true
                  }
                ]
              }
            ],
            "allow_net_admin": null,
            "authenticator_groups_config": [],
            "binary_authorization": [
              {
                "enabled": false,
                "evaluation_mode": ""
              }
            ],
            "cluster_autoscaling": [
              {
                "auto_provisioning_defaults": [],
                "enabled": false,
                "resource_limits": []
              }
            ],
            "cluster_ipv4_cidr": "10.0.0.0/14",
            "confidential_nodes": [],
            "cost_management_config": [],
            "database_encryption": [
              {
                "key_name": "",
                "state": "DECRYPTED"
              }
            ],
            "datapath_provider": "",
            "default_max_pods_per_node": null,
            "default_snat_status": [
              {
                "disabled": false
              }
            ],
            "description": "",
            "dns_config": [],
            "enable_autopilot": false,
            "enable_binary_authorization": false,
            "enable_intranode_visibility": false,
            "enable_k8s_beta_apis": [],
            "enable_kubernetes_alpha": false,
            "enable_l4_ilb_subsetting": false,
            "enable_legacy_abac": false,
            "enable_shielded_nodes": true,
            "enable_tpu": false,
            "endpoint": "35.202.10.109",
            "gateway_api_config": [],
            "id": "projects/upbeat-climate-496321-g5/locations/us-central1-a/clusters/orders-cluster",
            "initial_node_count": 2,
            "ip_allocation_policy": [],
            "label_fingerprint": "a9dc16a7",
            "location": "us-central1-a",
            "logging_config": [
              {
                "enable_components": [
                  "SYSTEM_COMPONENTS",
                  "WORKLOADS"
                ]
              }
            ],
            "logging_service": "logging.googleapis.com/kubernetes",
            "maintenance_policy": [],
            "master_auth": [
              {
                "client_certificate": "",
                "client_certificate_config": [
                  {
                    "issue_client_certificate": false
                  }
                ],
                "client_key": "",
                "cluster_ca_certificate": "LS0tLS1CRUdJTiBDRVJUSUZJQ0FURS0tLS0tCk1JSUVMVENDQXBXZ0F3SUJBZ0lSQUxjN1FiTHVaZnhZc2kyd05wUDExRHd3RFFZSktvWklodmNOQVFFTEJRQXcKTHpFdE1Dc0dBMVVFQXhNa1pXTXdNVGN5WkRrdFlUWXpOeTAwTWpKbUxXRm1PVE10T1RGbVlUaG1OamMwTnpCawpNQ0FYRFRJMk1EVXlOVEl6TXpReE1sb1lEekl3TlRZd05URTRNREF6TkRFeVdqQXZNUzB3S3dZRFZRUURFeVJsCll6QXhOekprT1MxaE5qTTNMVFF5TW1ZdFlXWTVNeTA1TVdaaE9HWTJOelEzTUdRd2dnR2lNQTBHQ1NxR1NJYjMKRFFFQkFRVUFBNElCandBd2dnR0tBb0lCZ1FDYjZ2NXozUnY3M2lNRGswTnJ3RkdmT0ZmZVErcVB2R2hlZUdyUQo0RHJ3MlZiQVg2bkwyZGhETjZnMUszTGlxcm12RGNxeFRaY0gxdFhpdTVhQVlEWGZMR0poUUduRTQ1TXN6ejE4ClRkclNCUnpQUjFaMVpDMmJ5azAvdjdBZVZWdGQzNTRmamRuYWVaS2owUzhmT0ZENnRYVWsxVUtJalEzemFPdTMKZ1pGK0ZHRjQwcmluY3Y3MkFkVGJ1T1FtRVkzUldyTkgvazZuOGVXOEtuemd3TE5zOTJsK21ZMG9QVGRuWTJsSApXeUV3WEJENnE4Njl2aTFpaDF4NXQ2SndWbytZeldiZ3RBa1pvK3lyS3QzVEZTUGI5Tjk2cDdONHA3NTZ0Smk2Ci8wRk8xWWhLaWJMVjB2RitKRGhRMEtjWWRBQVJqd0toZVY4TEZGL2VzaG5SZVlqVDNVMHFnZEZkYWZoaUc1NXAKNU5PeVpVa3M2Um8yZGg4WEF4NzN4aC9wYlluWHo3NVlsbGJ1aWNrM2Q4b3ZyOG1DTERRYkY1RGVZMW05dStzZwpvVU00OTlwcEtiTENBTFp3WlhQOUhrOC9XdXdTNEhiSW5UOXBDeXRsUnJ6Z0pHa2xycDgyQ0tETmZxOUpWV20zCmNzT21PZFJzd2ZyOXkzTDhNVGpsSkVIZTNsVUNBd0VBQWFOQ01FQXdEZ1lEVlIwUEFRSC9CQVFEQWdJRU1BOEcKQTFVZEV3RUIvd1FGTUFNQkFmOHdIUVlEVlIwT0JCWUVGRzFNNFcvRk9PU2Z0ZmdxTDZzLzN1V3FaeERpTUEwRwpDU3FHU0liM0RRRUJDd1VBQTRJQmdRQ1NqZ2RYWXZ5dEZCa1M1Z2hFRC8rNnVWWForV1BiNlFaVzVKOURVWnBpClAzcDVGcTFPd05CVXc3eGFiQTJCSndaT2NjZ1hQdEI2OFJhbUlSUzNnUWJGREJMa3pJVGE5em9CZ0VJTzI5SHoKb1Z4SEN5MDIxd3VNbHZMZU9FemN5Y25XL3ZNaktQODUrYjVYbzJsVW5yQlhrTWxrNTE1bGRXUmJ5cno4WXgvMgpqRERKRE1FYTg2NjkyaEZvQTMwK0RkTHByUjFFbVU2M2FlSTU2VmdzNjVhbm5rNHh5YUl3blhFcmJlMThvOWxnCi9WN1FKYUZGczA0YkY5NnZBZU9tQUZxS0dHV0wvQ3F4Z3VDdTE1Y0lHR2tvZXphYWhneEx5K0RFbnc4dUhhcHcKQUJ2R29Fa0tyUnY3T1RWODdTSVhlK1FSUkRBTHltYklOaW1qNE90QTZLYU5qakRFcjk0dVJkclpqc2dXMnRLTgo3QjJRWms4dm0rK3k1YmhCbXlTSDUxK1dzcERSRkE2Zm96LzBlVm5QM09xcEVlMi96Mzc3OXF0NE52Y0pHUzVsCmVrS2FucjJ5M2ZCY3RvN0xoM3R6b0RvM3FUODZZNmdYZnl4VGVFbVY5Y09CdmlYNWNZaFNSVy9TTlRsaEEwcW0KbVd4SDVtZ0FYcGh0NVpnSDVFRTdkUE09Ci0tLS0tRU5EIENFUlRJRklDQVRFLS0tLS0K"
              }
            ],
            "master_authorized_networks_config": [],
            "master_version": "1.35.3-gke.1389000",
            "mesh_certificates": [],
            "min_master_version": null,
            "monitoring_config": [
              {
                "advanced_datapath_observability_config": [
                  {
                    "enable_metrics": false,
                    "relay_mode": ""
                  }
                ],
                "enable_components": [
                  "SYSTEM_COMPONENTS",
                  "STORAGE",
                  "HPA",
                  "POD",
                  "DAEMONSET",
                  "DEPLOYMENT",
                  "STATEFULSET",
                  "CADVISOR",
                  "KUBELET",
                  "DCGM",
                  "JOBSET"
                ],
                "managed_prometheus": [
                  {
                    "enabled": true
                  }
                ]
              }
            ],
            "monitoring_service": "monitoring.googleapis.com/kubernetes",
            "name": "orders-cluster",
            "network": "projects/upbeat-climate-496321-g5/global/networks/default",
            "network_policy": [
              {
                "enabled": false,
                "provider": "PROVIDER_UNSPECIFIED"
              }
            ],
            "networking_mode": "ROUTES",
            "node_config": [
              {
                "advanced_machine_features": [],
                "boot_disk_kms_key": "",
                "confidential_nodes": [],
                "disk_size_gb": 50,
                "disk_type": "pd-balanced",
                "ephemeral_storage_local_ssd_config": [],
                "fast_socket": [],
                "gcfs_config": [],
                "guest_accelerator": [],
                "gvnic": [],
                "host_maintenance_policy": [],
                "image_type": "COS_CONTAINERD",
                "kubelet_config": [
                  {
                    "cpu_cfs_quota": false,
                    "cpu_cfs_quota_period": "",
                    "cpu_manager_policy": "",
                    "pod_pids_limit": 0
                  }
                ],
                "labels": {},
                "linux_node_config": [],
                "local_nvme_ssd_block_config": [],
                "local_ssd_count": 0,
                "logging_variant": "DEFAULT",
                "machine_type": "e2-medium",
                "metadata": {
                  "disable-legacy-endpoints": "true"
                },
                "min_cpu_platform": "",
                "node_group": "",
                "oauth_scopes": [
                  "https://www.googleapis.com/auth/cloud-platform"
                ],
                "preemptible": false,
                "reservation_affinity": [],
                "resource_labels": {
                  "goog-gke-node-pool-provisioning-model": "on-demand"
                },
                "service_account": "default",
                "shielded_instance_config": [
                  {
                    "enable_integrity_monitoring": true,
                    "enable_secure_boot": false
                  }
                ],
                "sole_tenant_config": [],
                "spot": false,
                "tags": [],
                "taint": [],
                "workload_metadata_config": []
              }
            ],
            "node_locations": [],
            "node_pool": [
              {
                "autoscaling": [],
                "initial_node_count": 2,
                "instance_group_urls": [
                  "https://www.googleapis.com/compute/v1/projects/upbeat-climate-496321-g5/zones/us-central1-a/instanceGroupManagers/gke-orders-cluster-default-pool-bdff58f3-grp"
                ],
                "managed_instance_group_urls": [
                  "https://www.googleapis.com/compute/v1/projects/upbeat-climate-496321-g5/zones/us-central1-a/instanceGroups/gke-orders-cluster-default-pool-bdff58f3-grp"
                ],
                "management": [
                  {
                    "auto_repair": true,
                    "auto_upgrade": true
                  }
                ],
                "max_pods_per_node": 0,
                "name": "default-pool",
                "name_prefix": "",
                "network_config": [],
                "node_config": [
                  {
                    "advanced_machine_features": [],
                    "boot_disk_kms_key": "",
                    "confidential_nodes": [],
                    "disk_size_gb": 50,
                    "disk_type": "pd-balanced",
                    "ephemeral_storage_local_ssd_config": [],
                    "fast_socket": [],
                    "gcfs_config": [],
                    "guest_accelerator": [],
                    "gvnic": [],
                    "host_maintenance_policy": [],
                    "image_type": "COS_CONTAINERD",
                    "kubelet_config": [
                      {
                        "cpu_cfs_quota": false,
                        "cpu_cfs_quota_period": "",
                        "cpu_manager_policy": "",
                        "pod_pids_limit": 0
                      }
                    ],
                    "labels": {},
                    "linux_node_config": [],
                    "local_nvme_ssd_block_config": [],
                    "local_ssd_count": 0,
                    "logging_variant": "DEFAULT",
                    "machine_type": "e2-medium",
                    "metadata": {
                      "disable-legacy-endpoints": "true"
                    },
                    "min_cpu_platform": "",
                    "node_group": "",
                    "oauth_scopes": [
                      "https://www.googleapis.com/auth/cloud-platform"
                    ],
                    "preemptible": false,
                    "reservation_affinity": [],
                    "resource_labels": {
                      "goog-gke-node-pool-provisioning-model": "on-demand"
                    },
                    "service_account": "default",
                    "shielded_instance_config": [
                      {
                        "enable_integrity_monitoring": true,
                        "enable_secure_boot": false
                      }
                    ],
                    "sole_tenant_config": [],
                    "spot": false,
                    "tags": [],
                    "taint": [],
                    "workload_metadata_config": []
                  }
                ],
                "node_count": 2,
                "node_locations": [
                  "us-central1-a"
                ],
                "placement_policy": [],
                "upgrade_settings": [
                  {
                    "blue_green_settings": [],
                    "max_surge": 1,
                    "max_unavailable": 0,
                    "strategy": "SURGE"
                  }
                ],
                "version": "1.35.3-gke.1389000"
              }
            ],
            "node_pool_auto_config": [
              {
                "network_tags": []
              }
            ],
            "node_pool_defaults": [
              {
                "node_config_defaults": [
                  {
                    "logging_variant": "DEFAULT"
                  }
                ]
              }
            ],
            "node_version": "1.35.3-gke.1389000",
            "notification_config": [
              {
                "pubsub": [
                  {
                    "enabled": false,
                    "filter": [],
                    "topic": ""
                  }
                ]
              }
            ],
            "operation": null,
            "private_cluster_config": [
              {
                "enable_private_endpoint": false,
                "enable_private_nodes": false,
                "master_global_access_config": [
                  {
                    "enabled": false
                  }
                ],
                "master_ipv4_cidr_block": "",
                "peering_name": "",
                "private_endpoint": "10.128.0.2",
                "private_endpoint_subnetwork": "",
                "public_endpoint": "35.202.10.109"
              }
            ],
            "private_ipv6_google_access": "",
            "project": "upbeat-climate-496321-g5",
            "release_channel": [
              {
                "channel": "REGULAR"
              }
            ],
            "remove_default_node_pool": false,
            "resource_labels": {},
            "resource_usage_export_config": [],
            "security_posture_config": [
              {
                "mode": "BASIC",
                "vulnerability_mode": "VULNERABILITY_MODE_UNSPECIFIED"
              }
            ],
            "self_link": "https://container.googleapis.com/v1/projects/upbeat-climate-496321-g5/zones/us-central1-a/clusters/orders-cluster",
            "service_external_ips_config": [
              {
                "enabled": false
              }
            ],
            "services_ipv4_cidr": "10.3.240.0/20",
            "subnetwork": "projects/upbeat-climate-496321-g5/regions/us-central1/subnetworks/default",
            "timeouts": null,
            "tpu_ipv4_cidr_block": "",
            "vertical_pod_autoscaling": [],
            "workload_identity_config": []
          },
          "sensitive_attributes": [],
          "private": "eyJlMmJmYjczMC1lY2FhLTExZTYtOGY4OC0zNDM2M2JjN2M0YzAiOnsiY3JlYXRlIjoyNDAwMDAwMDAwMDAwLCJkZWxldGUiOjI0MDAwMDAwMDAwMDAsInJlYWQiOjI0MDAwMDAwMDAwMDAsInVwZGF0ZSI6MzYwMDAwMDAwMDAwMH0sInNjaGVtYV92ZXJzaW9uIjoiMSJ9"
        }
      ]
    },
    {
      "mode": "managed",
      "type": "kubernetes_deployment",
      "name": "orders",
      "provider": "provider[\"registry.terraform.io/hashicorp/kubernetes\"]",
      "instances": [
        {
          "schema_version": 1,
          "attributes": {
            "id": "orders/orderservice-deployment",
            "metadata": [
              {
                "annotations": {},
                "generate_name": "",
                "generation": 2,
                "labels": {
                  "app": "orderservice"
                },
                "name": "orderservice-deployment",
                "namespace": "orders",
                "resource_version": "1779757020885039010",
                "uid": "ee386fea-fd65-4d63-ae9c-062268822e51"
              }
            ],
            "spec": [
              {
                "min_ready_seconds": 0,
                "paused": false,
                "progress_deadline_seconds": 600,
                "replicas": "3",
                "revision_history_limit": 10,
                "selector": [
                  {
                    "match_expressions": [],
                    "match_labels": {
                      "app": "orderservice"
                    }
                  }
                ],
                "strategy": [
                  {
                    "rolling_update": [
                      {
                        "max_surge": "25%",
                        "max_unavailable": "25%"
                      }
                    ],
                    "type": "RollingUpdate"
                  }
                ],
                "template": [
                  {
                    "metadata": [
                      {
                        "annotations": {},
                        "generate_name": "",
                        "generation": 0,
                        "labels": {
                          "app": "orderservice"
                        },
                        "name": "",
                        "namespace": "",
                        "resource_version": "",
                        "uid": ""
                      }
                    ],
                    "spec": [
                      {
                        "active_deadline_seconds": 0,
                        "affinity": [],
                        "automount_service_account_token": true,
                        "container": [
                          {
                            "args": [],
                            "command": [],
                            "env": [
                              {
                                "name": "DEMO_MODE",
                                "value": "true",
                                "value_from": []
                              },
                              {
                                "name": "OTEL_EXPORTER_OTLP_ENDPOINT",
                                "value": "http://localhost:4318",
                                "value_from": []
                              }
                            ],
                            "env_from": [],
                            "image": "jensanchez/orderservice:v7",
                            "image_pull_policy": "IfNotPresent",
                            "lifecycle": [],
                            "liveness_probe": [
                              {
                                "exec": [],
                                "failure_threshold": 3,
                                "grpc": [],
                                "http_get": [
                                  {
                                    "host": "",
                                    "http_header": [],
                                    "path": "/health",
                                    "port": "3000",
                                    "scheme": "HTTP"
                                  }
                                ],
                                "initial_delay_seconds": 15,
                                "period_seconds": 20,
                                "success_threshold": 1,
                                "tcp_socket": [],
                                "timeout_seconds": 1
                              }
                            ],
                            "name": "orderservice",
                            "port": [
                              {
                                "container_port": 3000,
                                "host_ip": "",
                                "host_port": 0,
                                "name": "",
                                "protocol": "TCP"
                              }
                            ],
                            "readiness_probe": [
                              {
                                "exec": [],
                                "failure_threshold": 3,
                                "grpc": [],
                                "http_get": [
                                  {
                                    "host": "",
                                    "http_header": [],
                                    "path": "/health",
                                    "port": "3000",
                                    "scheme": "HTTP"
                                  }
                                ],
                                "initial_delay_seconds": 5,
                                "period_seconds": 10,
                                "success_threshold": 1,
                                "tcp_socket": [],
                                "timeout_seconds": 1
                              }
                            ],
                            "resources": [
                              {
                                "limits": {},
                                "requests": {}
                              }
                            ],
                            "security_context": [],
                            "startup_probe": [],
                            "stdin": false,
                            "stdin_once": false,
                            "termination_message_path": "/dev/termination-log",
                            "termination_message_policy": "File",
                            "tty": false,
                            "volume_device": [],
                            "volume_mount": [],
                            "working_dir": ""
                          }
                        ],
                        "dns_config": [],
                        "dns_policy": "ClusterFirst",
                        "enable_service_links": true,
                        "host_aliases": [],
                        "host_ipc": false,
                        "host_network": false,
                        "host_pid": false,
                        "hostname": "",
                        "image_pull_secrets": [],
                        "init_container": [],
                        "node_name": "",
                        "node_selector": {},
                        "os": [],
                        "priority_class_name": "",
                        "readiness_gate": [],
                        "restart_policy": "Always",
                        "runtime_class_name": "",
                        "scheduler_name": "default-scheduler",
                        "security_context": [],
                        "service_account_name": "",
                        "share_process_namespace": false,
                        "subdomain": "",
                        "termination_grace_period_seconds": 30,
                        "toleration": [],
                        "topology_spread_constraint": [],
                        "volume": []
                      }
                    ]
                  }
                ]
              }
            ],
            "timeouts": null,
            "wait_for_rollout": true
          },
          "sensitive_attributes": [],
          "private": "eyJlMmJmYjczMC1lY2FhLTExZTYtOGY4OC0zNDM2M2JjN2M0YzAiOnsiY3JlYXRlIjo2MDAwMDAwMDAwMDAsImRlbGV0ZSI6NjAwMDAwMDAwMDAwLCJ1cGRhdGUiOjYwMDAwMDAwMDAwMH0sInNjaGVtYV92ZXJzaW9uIjoiMSJ9",
          "dependencies": [
            "data.google_client_config.current",
            "google_container_cluster.primary",
            "kubernetes_namespace.app"
          ]
        }
      ]
    },
    {
      "mode": "managed",
      "type": "kubernetes_namespace",
      "name": "app",
      "provider": "provider[\"registry.terraform.io/hashicorp/kubernetes\"]",
      "instances": [
        {
          "schema_version": 0,
          "attributes": {
            "id": "orders",
            "metadata": [
              {
                "annotations": {},
                "generate_name": "",
                "generation": 0,
                "labels": {},
                "name": "orders",
                "resource_version": "1779756013231743000",
                "uid": "58247e54-95fb-460e-9e66-8bde54210483"
              }
            ],
            "timeouts": null,
            "wait_for_default_service_account": false
          },
          "sensitive_attributes": [],
          "private": "eyJlMmJmYjczMC1lY2FhLTExZTYtOGY4OC0zNDM2M2JjN2M0YzAiOnsiZGVsZXRlIjozMDAwMDAwMDAwMDB9fQ==",
          "dependencies": [
            "data.google_client_config.current",
            "google_container_cluster.primary"
          ]
        }
      ]
    },
    {
      "mode": "managed",
      "type": "kubernetes_service",
      "name": "orders_lb",
      "provider": "provider[\"registry.terraform.io/hashicorp/kubernetes\"]",
      "instances": [
        {
          "schema_version": 1,
          "attributes": {
            "id": "orders/orderservice-lb",
            "metadata": [
              {
                "annotations": {},
                "generate_name": "",
                "generation": 0,
                "labels": {},
                "name": "orderservice-lb",
                "namespace": "orders",
                "resource_version": "1779756976932351008",
                "uid": "ddbd6815-e789-4663-a119-d194af35ae77"
              }
            ],
            "spec": [
              {
                "allocate_load_balancer_node_ports": true,
                "cluster_ip": "10.3.244.193",
                "cluster_ips": [
                  "10.3.244.193"
                ],
                "external_ips": [],
                "external_name": "",
                "external_traffic_policy": "Cluster",
                "health_check_node_port": 0,
                "internal_traffic_policy": "Cluster",
                "ip_families": [
                  "IPv4"
                ],
                "ip_family_policy": "SingleStack",
                "load_balancer_class": "",
                "load_balancer_ip": "35.254.113.18",
                "load_balancer_source_ranges": [],
                "port": [
                  {
                    "app_protocol": "",
                    "name": "",
                    "node_port": 32271,
                    "port": 80,
                    "protocol": "TCP",
                    "target_port": "3000"
                  }
                ],
                "publish_not_ready_addresses": false,
                "selector": {
                  "app": "orderservice"
                },
                "session_affinity": "None",
                "session_affinity_config": [],
                "type": "LoadBalancer"
              }
            ],
            "status": [
              {
                "load_balancer": [
                  {
                    "ingress": [
                      {
                        "hostname": "",
                        "ip": "35.254.113.18"
                      }
                    ]
                  }
                ]
              }
            ],
            "timeouts": null,
            "wait_for_load_balancer": true
          },
          "sensitive_attributes": [],
          "private": "eyJlMmJmYjczMC1lY2FhLTExZTYtOGY4OC0zNDM2M2JjN2M0YzAiOnsiY3JlYXRlIjo2MDAwMDAwMDAwMDB9LCJzY2hlbWFfdmVyc2lvbiI6IjEifQ==",
          "dependencies": [
            "data.google_client_config.current",
            "google_compute_address.orders_lb_ip",
            "google_container_cluster.primary",
            "kubernetes_namespace.app"
          ]
        }
      ]
    }
  ],
  "check_results": null
}
