{
  "version": 4,
  "terraform_version": "1.5.7",
  "serial": 88,
  "lineage": "375e4903-7150-589f-0689-82beb5835b63",
  "outputs": {
    "cluster_name": {
      "value": "orders-cluster",
      "type": "string"
    },
    "jaeger_otlp_endpoint": {
      "value": "http://jaeger-otlp.observability:4318",
      "type": "string"
    },
    "jaeger_ui_ip": {
      "value": "34.123.209.112",
      "type": "string"
    },
    "load_balancer_ip": {
      "value": "136.116.68.233",
      "type": "string"
    }
  },
  "resources": [
    {
      "mode": "data",
      "type": "google_client_config",
      "name": "current",
      "provider": "provider[\"registry.terraform.io/hashicorp/google\"]",
      "instances": [
        {
          "schema_version": 0,
          "attributes": {
            "access_token": "ya29.c.c0AZ4bNpZzBTr5KOLp6_Ygl6hdHskUqHnSsYWb5bp7bAlSZc0saKn-vDCsfgQ0FlmUp6zl394yktZx_ZPS1hh151GfR5qXvPdF4ppXMEekDHFTscgPT-4KSAGtzgtxH9TpZwODpCyK6NTHvl2f_LX8q3OhHtaxxsKjO165R-kp0NQCoQdEi5yxmd2g8YrUEgTuoqnWYmFyzb57uC4d7EhS9gMpbg3QEbXmCYTrK9OjQl8KsbtuotLRYnEKKHRlHUayZKRya1N1NTzYYdFvVUKWHK1LGw4VubU1wwv9BNnjp67TqVewJWPMkOpawxwcT-Kap5iIQifqfXf3_OkJvc9B-09MgBmCUtcrNPYnLM1lYBw2OtbK7xZxaLZnRgH387PXkym7na4ovlQOsJqJ32aspFjoIrQxqfJubyVy7t7W7vRgyZ3q3duIVcJfwZ_6eiMJjByUrs8q2Jt4dM8x08YcjS4rp01J0nnBMkIyQqJz0ga2M3aufm7hWzacpJ3nV6ptunw1vu3zyOFWxQ708okgwRn2zYQOZyFaXhektilg8Xyeg9Q6pFJyVzwZdcbcSmVRtQp0Xrgd3F58dYjp-R8VMMnJMOMSjWRegB5o11sIsudcROqIfSQbdSXqte_Ip179wsqnQMnS1ksfkc2IiIeancO_g4dkzB8rwYtgf7wuBmZQ9-zo1jjdgOMZ_im3yqVcQJ1SOQB45zZ-k9v53vRoXmv_z24d8hxW0hVg7YIJhlWW7a9VYwf_9j_q2elwF2pwyy42iog6rq52B8xS68Y6glsk81cd2iVyOtVjRt2VR1ppmRWOjBuFtizf5U3y9SnVtmboVh16tyhzM853iq9Fw9RufOxwanFmw2Zg9eR2mjbS6oy_6pqs6FyuV8dtv8cuc6fzqnv3tIOfmhUFqiqo-bwcIZ_99xrQ82upxkkvFfM1cx_l8gnWb12ZU_tk9Vga0MvbO_M8St39rwpOIIUd6ec7u-mmwsFlU14Bio1FJ1iwVonVJdgVUWt",
            "id": "projects/\"upbeat-climate-496321-g5\"/regions/\"us-central1\"/zones/\"us-central1-a\"",
            "project": "upbeat-climate-496321-g5",
            "region": "us-central1",
            "zone": "us-central1-a"
          },
          "sensitive_attributes": []
        }
      ]
    },
    {
      "mode": "managed",
      "type": "google_compute_address",
      "name": "orders_lb_ip",
      "provider": "provider[\"registry.terraform.io/hashicorp/google\"]",
      "instances": [
        {
          "schema_version": 0,
          "attributes": {
            "address": "136.116.68.233",
            "address_type": "EXTERNAL",
            "creation_timestamp": "2026-06-03T19:45:31.824-07:00",
            "description": "",
            "id": "projects/upbeat-climate-496321-g5/regions/us-central1/addresses/orders-lb-ip",
            "ip_version": "",
            "ipv6_endpoint_type": "",
            "name": "orders-lb-ip",
            "network": "",
            "network_tier": "PREMIUM",
            "prefix_length": 0,
            "project": "upbeat-climate-496321-g5",
            "purpose": "",
            "region": "us-central1",
            "self_link": "https://www.googleapis.com/compute/v1/projects/upbeat-climate-496321-g5/regions/us-central1/addresses/orders-lb-ip",
            "subnetwork": "",
            "timeouts": null,
            "users": []
          },
          "sensitive_attributes": [],
          "private": "eyJlMmJmYjczMC1lY2FhLTExZTYtOGY4OC0zNDM2M2JjN2M0YzAiOnsiY3JlYXRlIjoxMjAwMDAwMDAwMDAwLCJkZWxldGUiOjEyMDAwMDAwMDAwMDB9fQ=="
        }
      ]
    },
    {
      "mode": "managed",
      "type": "google_container_cluster",
      "name": "primary",
      "provider": "provider[\"registry.terraform.io/hashicorp/google\"]",
      "instances": [
        {
          "schema_version": 1,
          "attributes": {
            "addons_config": [
              {
                "cloudrun_config": [],
                "config_connector_config": [],
                "dns_cache_config": [
                  {
                    "enabled": true
                  }
                ],
                "gce_persistent_disk_csi_driver_config": [
                  {
                    "enabled": true
                  }
                ],
                "gcp_filestore_csi_driver_config": [],
                "gcs_fuse_csi_driver_config": [],
                "gke_backup_agent_config": [],
                "horizontal_pod_autoscaling": [],
                "http_load_balancing": [],
                "network_policy_config": [
                  {
                    "disabled": true
                  }
                ]
              }
            ],
            "allow_net_admin": null,
            "authenticator_groups_config": [],
            "binary_authorization": [
              {
                "enabled": false,
                "evaluation_mode": ""
              }
            ],
            "cluster_autoscaling": [
              {
                "auto_provisioning_defaults": [],
                "enabled": false,
                "resource_limits": []
              }
            ],
            "cluster_ipv4_cidr": "10.0.0.0/14",
            "confidential_nodes": [],
            "cost_management_config": [],
            "database_encryption": [
              {
                "key_name": "",
                "state": "DECRYPTED"
              }
            ],
            "datapath_provider": "",
            "default_max_pods_per_node": null,
            "default_snat_status": [
              {
                "disabled": false
              }
            ],
            "description": "",
            "dns_config": [],
            "enable_autopilot": false,
            "enable_binary_authorization": false,
            "enable_intranode_visibility": false,
            "enable_k8s_beta_apis": [],
            "enable_kubernetes_alpha": false,
            "enable_l4_ilb_subsetting": false,
            "enable_legacy_abac": false,
            "enable_shielded_nodes": true,
            "enable_tpu": false,
            "endpoint": "34.121.120.103",
            "gateway_api_config": [],
            "id": "projects/upbeat-climate-496321-g5/locations/us-central1-a/clusters/orders-cluster",
            "initial_node_count": 2,
            "ip_allocation_policy": [],
            "label_fingerprint": "a9dc16a7",
            "location": "us-central1-a",
            "logging_config": [
              {
                "enable_components": [
                  "SYSTEM_COMPONENTS",
                  "WORKLOADS"
                ]
              }
            ],
            "logging_service": "logging.googleapis.com/kubernetes",
            "maintenance_policy": [],
            "master_auth": [
              {
                "client_certificate": "",
                "client_certificate_config": [
                  {
                    "issue_client_certificate": false
                  }
                ],
                "client_key": "",
                "cluster_ca_certificate": "LS0tLS1CRUdJTiBDRVJUSUZJQ0FURS0tLS0tCk1JSUVMVENDQXBXZ0F3SUJBZ0lSQUlCYVBrOEphbjFSaytoR1RuLzJxM0F3RFFZSktvWklodmNOQVFFTEJRQXcKTHpFdE1Dc0dBMVVFQXhNa05XUmtabU5rT1RNdFkyWmxNeTAwTmpCbExUazJOR010Wm1WaU4yUXlObUprTm1OaApNQ0FYRFRJMk1EWXdOREF4TkRVek0xb1lEekl3TlRZd05USTNNREkwTlRNeldqQXZNUzB3S3dZRFZRUURFeVExClpHUm1ZMlE1TXkxalptVXpMVFEyTUdVdE9UWTBZeTFtWldJM1pESTJZbVEyWTJFd2dnR2lNQTBHQ1NxR1NJYjMKRFFFQkFRVUFBNElCandBd2dnR0tBb0lCZ1FDWERhQnNidzBKSXhXSTd0a21QK3RSSmtXcFRId2I5QW5FWUtEeQpHOXN3SXJHbC9CTDYrYkpXMUdEQmpLT3NqaTFEci9QdWNSODZFNWZnQW1kR1lrUERRTUJOd2habUwwZkllai8xClZjemViRk9XcXk3RnlKdkRReFRUdU8vOFJ1a2tKMkk1YUQ0NGQ3bzdPVFc0b0dZMGYwdXo0emhLN2RrUmtDbXIKWEkwZnY0V25wcFo0T3VjVnhtWXp6bFFpZm1nQmhJSWsxcTNvZkwxYWJ2Ym1sNElHWVJ1U1FrK2VWSUkwQlJsUApPNUY5c01nT3lXbGVTQ050R2JGeUtrUzE4MVB3L2lJVGFsQmx6SXh4RzdMY24wbUo2SzYvVGJzYnJSTXV4NlJuClZtRXBrNVZTQ1I1cGE2L0g1UmxRck9nY0RRRDlZSklMNnZsZnA2U1ZwQ0orZ1o5czJ2d3dYQmJhQklIVkNZVjQKMkxYUU1IajZna2t6bDJWeDhacDBwN2o5S29NQm9adXNlcXMwd1JSYVpEc3hxTUZPdlNyS3JYSWRDaCtGQWphdwphMVp5MiszY2FQVjQrd3czY2FYSjdkZDdZUjdkR1VsQlZaQmliTkZWNkIzZFdUdjFiYkY3QXRGNWVWZUZGeGw5ClZ4c3h3ZDNKeERCd0ZSL2ZMeUxPUU1HSWQrc0NBd0VBQWFOQ01FQXdEZ1lEVlIwUEFRSC9CQVFEQWdJRU1BOEcKQTFVZEV3RUIvd1FGTUFNQkFmOHdIUVlEVlIwT0JCWUVGSk5zWG1ucnNkdXlxK1dRWlpmejdnMXM0d1AwTUEwRwpDU3FHU0liM0RRRUJDd1VBQTRJQmdRQmJsZlBFQ0hqZncxemlLNVM5dVNQTDQwRUVwa2d2TEFuZU9JM2E4RzdxCnRKTU5zMklYZ0ExRHZYdEhOVUpkbjcyQmcxT3VSWXFXVmozaDlGdzNjRENXYUszR1lrRkNVWkNtcFNQRHJFcXEKVit5amd2dzR0ditVMUdXZEhCY2pRbWRVOGJXUUNqRXlUa3RKbFhjTGdWVlFPeXJ0U25BQzhkeUR2TzJRZTVDYgpNUDltZVBFckVzWmNHRkxaNE1rNzJUSmw0UjVrV25NUnhScFZkZEs4RlZxWktKSXpuWFAvVGhITFVkb2I2b0IyCkVBUnNxeU1SUzRYNFZ4N3Y1dWdxNi9HazhHSWthNzNJS2VzOGhFR0FnOWhGTGFkUDdzajRiQUdaeDArV3V6RDMKaVBIUmdwZ2tJY1RiZm4zdlBxbWY0cmNLUmFhUGhEWVd6Rko2MCsvWi95a2o1OGRqZlVGWkV4dDhxbWpoUnhzZQorOFdmMWNaQTREYWNVUkF2YzlONlJJL1lPcXl2ZTh6Y0tlU1huQ1gzb210Ymg3MkhqZTlxL2FIeHNUZGJRUklMCmxFN0duU0MxV2Y0bEtpZ2dSVVJSYXBhczE4K2pZK3hpTXZLTk16YWRqa0dVQmRoM0d0dFpGNTZGN0ZyTnFhT1oKZXFNeVh6ZmpYWXFoRWFoLzVTcWR3b2M9Ci0tLS0tRU5EIENFUlRJRklDQVRFLS0tLS0K"
              }
            ],
            "master_authorized_networks_config": [],
            "master_version": "1.35.3-gke.1389002",
            "mesh_certificates": [],
            "min_master_version": null,
            "monitoring_config": [
              {
                "advanced_datapath_observability_config": [
                  {
                    "enable_metrics": false,
                    "relay_mode": ""
                  }
                ],
                "enable_components": [
                  "SYSTEM_COMPONENTS",
                  "STORAGE",
                  "HPA",
                  "POD",
                  "DAEMONSET",
                  "DEPLOYMENT",
                  "STATEFULSET",
                  "CADVISOR",
                  "KUBELET",
                  "DCGM",
                  "JOBSET"
                ],
                "managed_prometheus": [
                  {
                    "enabled": true
                  }
                ]
              }
            ],
            "monitoring_service": "monitoring.googleapis.com/kubernetes",
            "name": "orders-cluster",
            "network": "projects/upbeat-climate-496321-g5/global/networks/default",
            "network_policy": [
              {
                "enabled": false,
                "provider": "PROVIDER_UNSPECIFIED"
              }
            ],
            "networking_mode": "ROUTES",
            "node_config": [
              {
                "advanced_machine_features": [],
                "boot_disk_kms_key": "",
                "confidential_nodes": [],
                "disk_size_gb": 50,
                "disk_type": "pd-balanced",
                "ephemeral_storage_local_ssd_config": [],
                "fast_socket": [],
                "gcfs_config": [],
                "guest_accelerator": [],
                "gvnic": [],
                "host_maintenance_policy": [],
                "image_type": "COS_CONTAINERD",
                "kubelet_config": [
                  {
                    "cpu_cfs_quota": false,
                    "cpu_cfs_quota_period": "",
                    "cpu_manager_policy": "",
                    "pod_pids_limit": 0
                  }
                ],
                "labels": {},
                "linux_node_config": [],
                "local_nvme_ssd_block_config": [],
                "local_ssd_count": 0,
                "logging_variant": "DEFAULT",
                "machine_type": "e2-medium",
                "metadata": {
                  "disable-legacy-endpoints": "true"
                },
                "min_cpu_platform": "",
                "node_group": "",
                "oauth_scopes": [
                  "https://www.googleapis.com/auth/cloud-platform"
                ],
                "preemptible": false,
                "reservation_affinity": [],
                "resource_labels": {
                  "goog-gke-node-pool-provisioning-model": "on-demand"
                },
                "service_account": "default",
                "shielded_instance_config": [
                  {
                    "enable_integrity_monitoring": true,
                    "enable_secure_boot": false
                  }
                ],
                "sole_tenant_config": [],
                "spot": false,
                "tags": null,
                "taint": [],
                "workload_metadata_config": []
              }
            ],
            "node_locations": [],
            "node_pool": [
              {
                "autoscaling": [],
                "initial_node_count": 2,
                "instance_group_urls": [
                  "https://www.googleapis.com/compute/v1/projects/upbeat-climate-496321-g5/zones/us-central1-a/instanceGroupManagers/gke-orders-cluster-default-pool-7c5ef1eb-grp"
                ],
                "managed_instance_group_urls": [
                  "https://www.googleapis.com/compute/v1/projects/upbeat-climate-496321-g5/zones/us-central1-a/instanceGroups/gke-orders-cluster-default-pool-7c5ef1eb-grp"
                ],
                "management": [
                  {
                    "auto_repair": true,
                    "auto_upgrade": true
                  }
                ],
                "max_pods_per_node": 0,
                "name": "default-pool",
                "name_prefix": "",
                "network_config": [],
                "node_config": [
                  {
                    "advanced_machine_features": [],
                    "boot_disk_kms_key": "",
                    "confidential_nodes": [],
                    "disk_size_gb": 50,
                    "disk_type": "pd-balanced",
                    "ephemeral_storage_local_ssd_config": [],
                    "fast_socket": [],
                    "gcfs_config": [],
                    "guest_accelerator": [],
                    "gvnic": [],
                    "host_maintenance_policy": [],
                    "image_type": "COS_CONTAINERD",
                    "kubelet_config": [
                      {
                        "cpu_cfs_quota": false,
                        "cpu_cfs_quota_period": "",
                        "cpu_manager_policy": "",
                        "pod_pids_limit": 0
                      }
                    ],
                    "labels": {},
                    "linux_node_config": [],
                    "local_nvme_ssd_block_config": [],
                    "local_ssd_count": 0,
                    "logging_variant": "DEFAULT",
                    "machine_type": "e2-medium",
                    "metadata": {
                      "disable-legacy-endpoints": "true"
                    },
                    "min_cpu_platform": "",
                    "node_group": "",
                    "oauth_scopes": [
                      "https://www.googleapis.com/auth/cloud-platform"
                    ],
                    "preemptible": false,
                    "reservation_affinity": [],
                    "resource_labels": {
                      "goog-gke-node-pool-provisioning-model": "on-demand"
                    },
                    "service_account": "default",
                    "shielded_instance_config": [
                      {
                        "enable_integrity_monitoring": true,
                        "enable_secure_boot": false
                      }
                    ],
                    "sole_tenant_config": [],
                    "spot": false,
                    "tags": [],
                    "taint": [],
                    "workload_metadata_config": []
                  }
                ],
                "node_count": 2,
                "node_locations": [
                  "us-central1-a"
                ],
                "placement_policy": [],
                "upgrade_settings": [
                  {
                    "blue_green_settings": [],
                    "max_surge": 1,
                    "max_unavailable": 0,
                    "strategy": "SURGE"
                  }
                ],
                "version": "1.35.3-gke.1389002"
              }
            ],
            "node_pool_auto_config": [
              {
                "network_tags": null
              }
            ],
            "node_pool_defaults": [
              {
                "node_config_defaults": [
                  {
                    "logging_variant": "DEFAULT"
                  }
                ]
              }
            ],
            "node_version": "1.35.3-gke.1389002",
            "notification_config": [
              {
                "pubsub": [
                  {
                    "enabled": false,
                    "filter": [],
                    "topic": ""
                  }
                ]
              }
            ],
            "operation": null,
            "private_cluster_config": [
              {
                "enable_private_endpoint": false,
                "enable_private_nodes": false,
                "master_global_access_config": [
                  {
                    "enabled": false
                  }
                ],
                "master_ipv4_cidr_block": "",
                "peering_name": "",
                "private_endpoint": "10.128.0.10",
                "private_endpoint_subnetwork": "",
                "public_endpoint": "34.121.120.103"
              }
            ],
            "private_ipv6_google_access": "",
            "project": "upbeat-climate-496321-g5",
            "release_channel": [
              {
                "channel": "REGULAR"
              }
            ],
            "remove_default_node_pool": false,
            "resource_labels": null,
            "resource_usage_export_config": [],
            "security_posture_config": [
              {
                "mode": "BASIC",
                "vulnerability_mode": "VULNERABILITY_MODE_UNSPECIFIED"
              }
            ],
            "self_link": "https://container.googleapis.com/v1/projects/upbeat-climate-496321-g5/zones/us-central1-a/clusters/orders-cluster",
            "service_external_ips_config": [
              {
                "enabled": false
              }
            ],
            "services_ipv4_cidr": "10.3.240.0/20",
            "subnetwork": "projects/upbeat-climate-496321-g5/regions/us-central1/subnetworks/default",
            "timeouts": null,
            "tpu_ipv4_cidr_block": "",
            "vertical_pod_autoscaling": [],
            "workload_identity_config": []
          },
          "sensitive_attributes": [],
          "private": "eyJlMmJmYjczMC1lY2FhLTExZTYtOGY4OC0zNDM2M2JjN2M0YzAiOnsiY3JlYXRlIjoyNDAwMDAwMDAwMDAwLCJkZWxldGUiOjI0MDAwMDAwMDAwMDAsInJlYWQiOjI0MDAwMDAwMDAwMDAsInVwZGF0ZSI6MzYwMDAwMDAwMDAwMH0sInNjaGVtYV92ZXJzaW9uIjoiMSJ9"
        }
      ]
    },
    {
      "mode": "managed",
      "type": "kubernetes_deployment",
      "name": "jaeger",
      "provider": "provider[\"registry.terraform.io/hashicorp/kubernetes\"]",
      "instances": [
        {
          "schema_version": 1,
          "attributes": {
            "id": "observability/jaeger",
            "metadata": [
              {
                "annotations": null,
                "generate_name": "",
                "generation": 1,
                "labels": {
                  "app": "jaeger"
                },
                "name": "jaeger",
                "namespace": "observability",
                "resource_version": "1780543560718431001",
                "uid": "6b5b4440-6e42-4ce3-aad6-d7fad82e0f32"
              }
            ],
            "spec": [
              {
                "min_ready_seconds": 0,
                "paused": false,
                "progress_deadline_seconds": 600,
                "replicas": "1",
                "revision_history_limit": 10,
                "selector": [
                  {
                    "match_expressions": [],
                    "match_labels": {
                      "app": "jaeger"
                    }
                  }
                ],
                "strategy": [
                  {
                    "rolling_update": [
                      {
                        "max_surge": "25%",
                        "max_unavailable": "25%"
                      }
                    ],
                    "type": "RollingUpdate"
                  }
                ],
                "template": [
                  {
                    "metadata": [
                      {
                        "annotations": null,
                        "generate_name": "",
                        "generation": 0,
                        "labels": {
                          "app": "jaeger"
                        },
                        "name": "",
                        "namespace": "",
                        "resource_version": "",
                        "uid": ""
                      }
                    ],
                    "spec": [
                      {
                        "active_deadline_seconds": 0,
                        "affinity": [],
                        "automount_service_account_token": true,
                        "container": [
                          {
                            "args": null,
                            "command": null,
                            "env": [],
                            "env_from": [],
                            "image": "jaegertracing/all-in-one:latest",
                            "image_pull_policy": "Always",
                            "lifecycle": [],
                            "liveness_probe": [],
                            "name": "jaeger",
                            "port": [
                              {
                                "container_port": 6831,
                                "host_ip": "",
                                "host_port": 0,
                                "name": "jaeger-compact",
                                "protocol": "UDP"
                              },
                              {
                                "container_port": 4318,
                                "host_ip": "",
                                "host_port": 0,
                                "name": "otlp-http",
                                "protocol": "TCP"
                              },
                              {
                                "container_port": 16686,
                                "host_ip": "",
                                "host_port": 0,
                                "name": "jaeger-ui",
                                "protocol": "TCP"
                              }
                            ],
                            "readiness_probe": [],
                            "resources": [
                              {
                                "limits": {
                                  "cpu": "500m",
                                  "memory": "512Mi"
                                },
                                "requests": {
                                  "cpu": "100m",
                                  "memory": "128Mi"
                                }
                              }
                            ],
                            "security_context": [],
                            "startup_probe": [],
                            "stdin": false,
                            "stdin_once": false,
                            "termination_message_path": "/dev/termination-log",
                            "termination_message_policy": "File",
                            "tty": false,
                            "volume_device": [],
                            "volume_mount": [],
                            "working_dir": ""
                          }
                        ],
                        "dns_config": [],
                        "dns_policy": "ClusterFirst",
                        "enable_service_links": true,
                        "host_aliases": [],
                        "host_ipc": false,
                        "host_network": false,
                        "host_pid": false,
                        "hostname": "",
                        "image_pull_secrets": [],
                        "init_container": [],
                        "node_name": "",
                        "node_selector": null,
                        "os": [],
                        "priority_class_name": "",
                        "readiness_gate": [],
                        "restart_policy": "Always",
                        "runtime_class_name": "",
                        "scheduler_name": "default-scheduler",
                        "security_context": [],
                        "service_account_name": "",
                        "share_process_namespace": false,
                        "subdomain": "",
                        "termination_grace_period_seconds": 30,
                        "toleration": [],
                        "topology_spread_constraint": [],
                        "volume": []
                      }
                    ]
                  }
                ]
              }
            ],
            "timeouts": null,
            "wait_for_rollout": true
          },
          "sensitive_attributes": [],
          "private": "eyJlMmJmYjczMC1lY2FhLTExZTYtOGY4OC0zNDM2M2JjN2M0YzAiOnsiY3JlYXRlIjo2MDAwMDAwMDAwMDAsImRlbGV0ZSI6NjAwMDAwMDAwMDAwLCJ1cGRhdGUiOjYwMDAwMDAwMDAwMH0sInNjaGVtYV92ZXJzaW9uIjoiMSJ9",
          "dependencies": [
            "data.google_client_config.current",
            "google_container_cluster.primary",
            "kubernetes_namespace.observability"
          ]
        }
      ]
    },
    {
      "mode": "managed",
      "type": "kubernetes_deployment",
      "name": "orders",
      "provider": "provider[\"registry.terraform.io/hashicorp/kubernetes\"]",
      "instances": [
        {
          "schema_version": 1,
          "attributes": {
            "id": "orders/orderservice-deployment",
            "metadata": [
              {
                "annotations": null,
                "generate_name": "",
                "generation": 1,
                "labels": {
                  "app": "orderservice"
                },
                "name": "orderservice-deployment",
                "namespace": "orders",
                "resource_version": "1780543575744031010",
                "uid": "38b7f2e4-b460-4c1f-9e88-df3d93211fe5"
              }
            ],
            "spec": [
              {
                "min_ready_seconds": 0,
                "paused": false,
                "progress_deadline_seconds": 600,
                "replicas": "3",
                "revision_history_limit": 10,
                "selector": [
                  {
                    "match_expressions": [],
                    "match_labels": {
                      "app": "orderservice"
                    }
                  }
                ],
                "strategy": [
                  {
                    "rolling_update": [
                      {
                        "max_surge": "25%",
                        "max_unavailable": "25%"
                      }
                    ],
                    "type": "RollingUpdate"
                  }
                ],
                "template": [
                  {
                    "metadata": [
                      {
                        "annotations": null,
                        "generate_name": "",
                        "generation": 0,
                        "labels": {
                          "app": "orderservice"
                        },
                        "name": "",
                        "namespace": "",
                        "resource_version": "",
                        "uid": ""
                      }
                    ],
                    "spec": [
                      {
                        "active_deadline_seconds": 0,
                        "affinity": [],
                        "automount_service_account_token": true,
                        "container": [
                          {
                            "args": null,
                            "command": null,
                            "env": [
                              {
                                "name": "DEMO_MODE",
                                "value": "true",
                                "value_from": []
                              },
                              {
                                "name": "OTEL_SERVICE_NAME",
                                "value": "orderservice",
                                "value_from": []
                              },
                              {
                                "name": "OTEL_EXPORTER_OTLP_ENDPOINT",
                                "value": "http://jaeger-otlp.observability:4318",
                                "value_from": []
                              }
                            ],
                            "env_from": [],
                            "image": "jensanchez/orderservice:v7",
                            "image_pull_policy": "Always",
                            "lifecycle": [],
                            "liveness_probe": [
                              {
                                "exec": [],
                                "failure_threshold": 3,
                                "grpc": [],
                                "http_get": [
                                  {
                                    "host": "",
                                    "http_header": [],
                                    "path": "/health",
                                    "port": "3000",
                                    "scheme": "HTTP"
                                  }
                                ],
                                "initial_delay_seconds": 15,
                                "period_seconds": 20,
                                "success_threshold": 1,
                                "tcp_socket": [],
                                "timeout_seconds": 1
                              }
                            ],
                            "name": "orderservice",
                            "port": [
                              {
                                "container_port": 3000,
                                "host_ip": "",
                                "host_port": 0,
                                "name": "",
                                "protocol": "TCP"
                              }
                            ],
                            "readiness_probe": [
                              {
                                "exec": [],
                                "failure_threshold": 3,
                                "grpc": [],
                                "http_get": [
                                  {
                                    "host": "",
                                    "http_header": [],
                                    "path": "/health",
                                    "port": "3000",
                                    "scheme": "HTTP"
                                  }
                                ],
                                "initial_delay_seconds": 5,
                                "period_seconds": 10,
                                "success_threshold": 1,
                                "tcp_socket": [],
                                "timeout_seconds": 1
                              }
                            ],
                            "resources": [
                              {
                                "limits": {},
                                "requests": {}
                              }
                            ],
                            "security_context": [],
                            "startup_probe": [],
                            "stdin": false,
                            "stdin_once": false,
                            "termination_message_path": "/dev/termination-log",
                            "termination_message_policy": "File",
                            "tty": false,
                            "volume_device": [],
                            "volume_mount": [],
                            "working_dir": ""
                          }
                        ],
                        "dns_config": [],
                        "dns_policy": "ClusterFirst",
                        "enable_service_links": true,
                        "host_aliases": [],
                        "host_ipc": false,
                        "host_network": false,
                        "host_pid": false,
                        "hostname": "",
                        "image_pull_secrets": [],
                        "init_container": [],
                        "node_name": "",
                        "node_selector": null,
                        "os": [],
                        "priority_class_name": "",
                        "readiness_gate": [],
                        "restart_policy": "Always",
                        "runtime_class_name": "",
                        "scheduler_name": "default-scheduler",
                        "security_context": [],
                        "service_account_name": "",
                        "share_process_namespace": false,
                        "subdomain": "",
                        "termination_grace_period_seconds": 30,
                        "toleration": [],
                        "topology_spread_constraint": [],
                        "volume": []
                      }
                    ]
                  }
                ]
              }
            ],
            "timeouts": null,
            "wait_for_rollout": true
          },
          "sensitive_attributes": [],
          "private": "eyJlMmJmYjczMC1lY2FhLTExZTYtOGY4OC0zNDM2M2JjN2M0YzAiOnsiY3JlYXRlIjo2MDAwMDAwMDAwMDAsImRlbGV0ZSI6NjAwMDAwMDAwMDAwLCJ1cGRhdGUiOjYwMDAwMDAwMDAwMH0sInNjaGVtYV92ZXJzaW9uIjoiMSJ9",
          "dependencies": [
            "data.google_client_config.current",
            "google_container_cluster.primary",
            "kubernetes_namespace.app"
          ]
        }
      ]
    },
    {
      "mode": "managed",
      "type": "kubernetes_namespace",
      "name": "app",
      "provider": "provider[\"registry.terraform.io/hashicorp/kubernetes\"]",
      "instances": [
        {
          "schema_version": 0,
          "attributes": {
            "id": "orders",
            "metadata": [
              {
                "annotations": null,
                "generate_name": "",
                "generation": 0,
                "labels": null,
                "name": "orders",
                "resource_version": "1780543199322319000",
                "uid": "35157c72-9867-479a-a9f7-dda9845a2918"
              }
            ],
            "timeouts": null,
            "wait_for_default_service_account": false
          },
          "sensitive_attributes": [],
          "private": "eyJlMmJmYjczMC1lY2FhLTExZTYtOGY4OC0zNDM2M2JjN2M0YzAiOnsiZGVsZXRlIjozMDAwMDAwMDAwMDB9fQ==",
          "dependencies": [
            "data.google_client_config.current",
            "google_container_cluster.primary"
          ]
        }
      ]
    },
    {
      "mode": "managed",
      "type": "kubernetes_namespace",
      "name": "observability",
      "provider": "provider[\"registry.terraform.io/hashicorp/kubernetes\"]",
      "instances": [
        {
          "schema_version": 0,
          "attributes": {
            "id": "observability",
            "metadata": [
              {
                "annotations": null,
                "generate_name": "",
                "generation": 0,
                "labels": null,
                "name": "observability",
                "resource_version": "1780543199305135021",
                "uid": "e8c890ec-20f3-4a7b-b85e-5a246edc3bdc"
              }
            ],
            "timeouts": null,
            "wait_for_default_service_account": false
          },
          "sensitive_attributes": [],
          "private": "eyJlMmJmYjczMC1lY2FhLTExZTYtOGY4OC0zNDM2M2JjN2M0YzAiOnsiZGVsZXRlIjozMDAwMDAwMDAwMDB9fQ==",
          "dependencies": [
            "data.google_client_config.current",
            "google_container_cluster.primary"
          ]
        }
      ]
    },
    {
      "mode": "managed",
      "type": "kubernetes_service",
      "name": "jaeger_otlp",
      "provider": "provider[\"registry.terraform.io/hashicorp/kubernetes\"]",
      "instances": [
        {
          "schema_version": 1,
          "attributes": {
            "id": "observability/jaeger-otlp",
            "metadata": [
              {
                "annotations": null,
                "generate_name": "",
                "generation": 0,
                "labels": null,
                "name": "jaeger-otlp",
                "namespace": "observability",
                "resource_version": "1780543554639967021",
                "uid": "9a99eef2-2fb2-4f9b-95c0-0a8e65a97142"
              }
            ],
            "spec": [
              {
                "allocate_load_balancer_node_ports": true,
                "cluster_ip": "10.3.246.151",
                "cluster_ips": [
                  "10.3.246.151"
                ],
                "external_ips": null,
                "external_name": "",
                "external_traffic_policy": "",
                "health_check_node_port": 0,
                "internal_traffic_policy": "Cluster",
                "ip_families": [
                  "IPv4"
                ],
                "ip_family_policy": "SingleStack",
                "load_balancer_class": "",
                "load_balancer_ip": "",
                "load_balancer_source_ranges": null,
                "port": [
                  {
                    "app_protocol": "",
                    "name": "otlp-http",
                    "node_port": 0,
                    "port": 4318,
                    "protocol": "TCP",
                    "target_port": "4318"
                  },
                  {
                    "app_protocol": "",
                    "name": "jaeger-compact",
                    "node_port": 0,
                    "port": 6831,
                    "protocol": "UDP",
                    "target_port": "6831"
                  }
                ],
                "publish_not_ready_addresses": false,
                "selector": {
                  "app": "jaeger"
                },
                "session_affinity": "None",
                "session_affinity_config": [],
                "type": "ClusterIP"
              }
            ],
            "status": [
              {
                "load_balancer": [
                  {
                    "ingress": []
                  }
                ]
              }
            ],
            "timeouts": null,
            "wait_for_load_balancer": true
          },
          "sensitive_attributes": [],
          "private": "eyJlMmJmYjczMC1lY2FhLTExZTYtOGY4OC0zNDM2M2JjN2M0YzAiOnsiY3JlYXRlIjo2MDAwMDAwMDAwMDB9LCJzY2hlbWFfdmVyc2lvbiI6IjEifQ==",
          "dependencies": [
            "data.google_client_config.current",
            "google_container_cluster.primary",
            "kubernetes_namespace.observability"
          ]
        }
      ]
    },
    {
      "mode": "managed",
      "type": "kubernetes_service",
      "name": "jaeger_ui",
      "provider": "provider[\"registry.terraform.io/hashicorp/kubernetes\"]",
      "instances": [
        {
          "schema_version": 1,
          "attributes": {
            "id": "observability/jaeger-ui",
            "metadata": [
              {
                "annotations": {
                  "networking.gke.io/target-pool": "a8d759fc0b32d4c228ee49856c3c671a"
                },
                "generate_name": "",
                "generation": 0,
                "labels": null,
                "name": "jaeger-ui",
                "namespace": "observability",
                "resource_version": "1780543599419871013",
                "uid": "8d759fc0-b32d-4c22-8ee4-9856c3c671a1"
              }
            ],
            "spec": [
              {
                "allocate_load_balancer_node_ports": true,
                "cluster_ip": "10.3.252.96",
                "cluster_ips": [
                  "10.3.252.96"
                ],
                "external_ips": null,
                "external_name": "",
                "external_traffic_policy": "Cluster",
                "health_check_node_port": 0,
                "internal_traffic_policy": "Cluster",
                "ip_families": [
                  "IPv4"
                ],
                "ip_family_policy": "SingleStack",
                "load_balancer_class": "",
                "load_balancer_ip": "",
                "load_balancer_source_ranges": null,
                "port": [
                  {
                    "app_protocol": "",
                    "name": "",
                    "node_port": 30460,
                    "port": 16686,
                    "protocol": "TCP",
                    "target_port": "16686"
                  }
                ],
                "publish_not_ready_addresses": false,
                "selector": {
                  "app": "jaeger"
                },
                "session_affinity": "None",
                "session_affinity_config": [],
                "type": "LoadBalancer"
              }
            ],
            "status": [
              {
                "load_balancer": [
                  {
                    "ingress": [
                      {
                        "hostname": "",
                        "ip": "34.123.209.112"
                      }
                    ]
                  }
                ]
              }
            ],
            "timeouts": null,
            "wait_for_load_balancer": true
          },
          "sensitive_attributes": [],
          "private": "eyJlMmJmYjczMC1lY2FhLTExZTYtOGY4OC0zNDM2M2JjN2M0YzAiOnsiY3JlYXRlIjo2MDAwMDAwMDAwMDB9LCJzY2hlbWFfdmVyc2lvbiI6IjEifQ==",
          "dependencies": [
            "data.google_client_config.current",
            "google_container_cluster.primary",
            "kubernetes_namespace.observability"
          ]
        }
      ]
    },
    {
      "mode": "managed",
      "type": "kubernetes_service",
      "name": "orders_lb",
      "provider": "provider[\"registry.terraform.io/hashicorp/kubernetes\"]",
      "instances": [
        {
          "schema_version": 1,
          "attributes": {
            "id": "orders/orderservice-lb",
            "metadata": [
              {
                "annotations": {
                  "networking.gke.io/target-pool": "ae9ae870109bf4a33a12df42e3553f8d"
                },
                "generate_name": "",
                "generation": 0,
                "labels": null,
                "name": "orderservice-lb",
                "namespace": "orders",
                "resource_version": "1780543596160287008",
                "uid": "e9ae8701-09bf-4a33-a12d-f42e3553f8d7"
              }
            ],
            "spec": [
              {
                "allocate_load_balancer_node_ports": true,
                "cluster_ip": "10.3.248.233",
                "cluster_ips": [
                  "10.3.248.233"
                ],
                "external_ips": null,
                "external_name": "",
                "external_traffic_policy": "Cluster",
                "health_check_node_port": 0,
                "internal_traffic_policy": "Cluster",
                "ip_families": [
                  "IPv4"
                ],
                "ip_family_policy": "SingleStack",
                "load_balancer_class": "",
                "load_balancer_ip": "136.116.68.233",
                "load_balancer_source_ranges": null,
                "port": [
                  {
                    "app_protocol": "",
                    "name": "",
                    "node_port": 32430,
                    "port": 80,
                    "protocol": "TCP",
                    "target_port": "3000"
                  }
                ],
                "publish_not_ready_addresses": false,
                "selector": {
                  "app": "orderservice"
                },
                "session_affinity": "None",
                "session_affinity_config": [],
                "type": "LoadBalancer"
              }
            ],
            "status": [
              {
                "load_balancer": [
                  {
                    "ingress": [
                      {
                        "hostname": "",
                        "ip": "136.116.68.233"
                      }
                    ]
                  }
                ]
              }
            ],
            "timeouts": null,
            "wait_for_load_balancer": true
          },
          "sensitive_attributes": [],
          "private": "eyJlMmJmYjczMC1lY2FhLTExZTYtOGY4OC0zNDM2M2JjN2M0YzAiOnsiY3JlYXRlIjo2MDAwMDAwMDAwMDB9LCJzY2hlbWFfdmVyc2lvbiI6IjEifQ==",
          "dependencies": [
            "data.google_client_config.current",
            "google_compute_address.orders_lb_ip",
            "google_container_cluster.primary",
            "kubernetes_namespace.app"
          ]
        }
      ]
    }
  ],
  "check_results": null
}
